
Microsoft Visual Studio Solution File, Format Version 12.00
# Visual Studio Version 16
VisualStudioVersion = 16.0.29905.134
MinimumVisualStudioVersion = 10.0.40219.1
Project("{FAE04EC0-301F-11D3-BF4B-00C04F79EFBC}") = "Pokemon Beep", "Pokemon Beep\Pokemon Beep.csproj", "{833602B4-8D4D-4405-A3DE-50EB1F74D001}"
EndProject
Global
	GlobalSection(SolutionConfigurationPlatforms) = preSolution
		Debug|Any CPU = Debug|Any CPU
		Release|Any CPU = Release|Any CPU
	EndGlobalSection
	GlobalSection(ProjectConfigurationPlatforms) = postSolution
		{833602B4-8D4D-4405-A3DE-50EB1F74D001}.Debug|Any CPU.ActiveCfg = Debug|Any CPU
		{833602B4-8D4D-4405-A3DE-50EB1F74D001}.Debug|Any CPU.Build.0 = Debug|Any CPU
		{833602B4-8D4D-4405-A3DE-50EB1F74D001}.Release|Any CPU.ActiveCfg = Release|Any CPU
		{833602B4-8D4D-4405-A3DE-50EB1F74D001}.Release|Any CPU.Build.0 = Release|Any CPU
	EndGlobalSection
	GlobalSection(SolutionProperties) = preSolution
		HideSolutionNode = FALSE
	EndGlobalSection
	GlobalSection(ExtensibilityGlobals) = postSolution
		SolutionGuid = {E925A4DF-3009-4D36-BC8C-047876D2241B}
	EndGlobalSection
EndGlobal
